
Microsoft Visual Studio Solution File, Format Version 12.00
# Visual Studio Version 17
VisualStudioVersion = 17.1.32210.238
MinimumVisualStudioVersion = 10.0.40219.1
Project("{8BC9CEB8-8B4A-11D0-8D11-00A0C91BC942}") = "Codeforces_734A", "Codeforces_734A.vcxproj", "{6383C82E-BB56-4397-BB3D-3621C1D3A942}"
EndProject
Global
	GlobalSection(SolutionConfigurationPlatforms) = preSolution
		Debug|x64 = Debug|x64
		Release|x64 = Release|x64
	EndGlobalSection
	GlobalSection(ProjectConfigurationPlatforms) = postSolution
		{6383C82E-BB56-4397-BB3D-3621C1D3A942}.Debug|x64.ActiveCfg = Debug|x64
		{6383C82E-BB56-4397-BB3D-3621C1D3A942}.Debug|x64.Build.0 = Debug|x64
		{6383C82E-BB56-4397-BB3D-3621C1D3A942}.Release|x64.ActiveCfg = Release|x64
		{6383C82E-BB56-4397-BB3D-3621C1D3A942}.Release|x64.Build.0 = Release|x64
	EndGlobalSection
	GlobalSection(SolutionProperties) = preSolution
		HideSolutionNode = FALSE
	EndGlobalSection
	GlobalSection(ExtensibilityGlobals) = postSolution
		SolutionGuid = {CEC9F3C7-A7C6-488C-B907-F4D52556A46E}
	EndGlobalSection
EndGlobal
